
Microsoft Visual Studio Solution File, Format Version 12.00
# Visual Studio Version 16
VisualStudioVersion = 16.0.33423.256
MinimumVisualStudioVersion = 10.0.40219.1
Project("{FAE04EC0-301F-11D3-BF4B-00C04F79EFBC}") = "ConsultaSP.API", "ConsultaSP.API\ConsultaSP.API.csproj", "{FDB60300-7B04-4958-A8F0-4CB1509EEBFE}"
EndProject
Global
	GlobalSection(SolutionConfigurationPlatforms) = preSolution
		Debug|Any CPU = Debug|Any CPU
		Release|Any CPU = Release|Any CPU
	EndGlobalSection
	GlobalSection(ProjectConfigurationPlatforms) = postSolution
		{FDB60300-7B04-4958-A8F0-4CB1509EEBFE}.Debug|Any CPU.ActiveCfg = Debug|Any CPU
		{FDB60300-7B04-4958-A8F0-4CB1509EEBFE}.Debug|Any CPU.Build.0 = Debug|Any CPU
		{FDB60300-7B04-4958-A8F0-4CB1509EEBFE}.Release|Any CPU.ActiveCfg = Release|Any CPU
		{FDB60300-7B04-4958-A8F0-4CB1509EEBFE}.Release|Any CPU.Build.0 = Release|Any CPU
	EndGlobalSection
	GlobalSection(SolutionProperties) = preSolution
		HideSolutionNode = FALSE
	EndGlobalSection
	GlobalSection(ExtensibilityGlobals) = postSolution
		SolutionGuid = {BBF9E220-785B-45AA-9B5C-A735AB3061FB}
	EndGlobalSection
EndGlobal
